# THIS IS AN AUTOGENERATED FILE. DO NOT EDIT THIS FILE DIRECTLY.
# yarn lockfile v1


"child_process@^1.0.2":
  "integrity" "sha1-sffn/HPSXn/R1FWtyU4UODAYK1o= sha512-Wmza/JzL0SiWz7kl6MhIKT5ceIlnFPJX+lwUGj7Clhy5MMldsSoJR0+uvRzOS5Kv45Mq7t1PoE8TsOA9bzvb6g=="
  "resolved" "https://registry.npmjs.org/child_process/-/child_process-1.0.2.tgz"
  "version" "1.0.2"

"d3-collection@^1.0.7":
  "integrity" "sha512-ii0/r5f4sjKNTfh84Di+DpztYwqKhEyUlKoPrzUFfeSkWxjW49xU2QzO9qrPrNkpdI0XJkfzvmTu8V2Zylln6A=="
  "resolved" "https://registry.npmjs.org/d3-collection/-/d3-collection-1.0.7.tgz"
  "version" "1.0.7"
